
Microsoft Visual Studio Solution File, Format Version 12.00
# Visual Studio Version 16
VisualStudioVersion = 16.0.29613.14
MinimumVisualStudioVersion = 10.0.40219.1
Project("{2150E333-8FDC-42A3-9474-1A3956D46DE8}") = "Core", "Core", "{57A9BDE7-9FD9-4B74-A328-C5342106BBEA}"
EndProject
Project("{9A19103F-16F7-4668-BE54-9A1E7A4F7556}") = "STIKS.Common", "Core\STIKS.Common\STIKS.Common.csproj", "{0425F087-0098-43A4-A80D-1682681AD8A4}"
EndProject
Project("{9A19103F-16F7-4668-BE54-9A1E7A4F7556}") = "STIKS.Model", "Core\STIKS.Model\STIKS.Model.csproj", "{6FDBB870-9B29-4E84-A1B3-7CBD7E9A09E2}"
EndProject
Project("{9A19103F-16F7-4668-BE54-9A1E7A4F7556}") = "STIKS.DBManager", "Core\STIKS.DBManager\STIKS.DBManager.csproj", "{41AF2061-27AE-4146-85E4-B44FFC31AED7}"
EndProject
Project("{9A19103F-16F7-4668-BE54-9A1E7A4F7556}") = "STIKS.Redis", "Core\STIKS.Redis\STIKS.Redis.csproj", "{097485C6-5341-4B9A-B553-A827B093D12A}"
EndProject
Project("{9A19103F-16F7-4668-BE54-9A1E7A4F7556}") = "STIKS.Server.Protocol", "Core\STIKS.Server.Protocol\STIKS.Server.Protocol.csproj", "{60D88109-06ED-4E0B-A886-7DB19B52FC93}"
EndProject
Project("{2150E333-8FDC-42A3-9474-1A3956D46DE8}") = "Servers", "Servers", "{EFCE2720-D002-4513-A03C-3A236B5F2602}"
EndProject
Project("{2150E333-8FDC-42A3-9474-1A3956D46DE8}") = "Test", "Test", "{5AEDE471-EE65-4D14-8520-DB3884D6F44E}"
EndProject
Project("{FAE04EC0-301F-11D3-BF4B-00C04F79EFBC}") = "STIKS.Server.Main", "Servers\STIKS.Server.Main\STIKS.Server.Main.csproj", "{7B3A32AD-D7B2-4E6C-92BA-98B8E6240CA8}"
EndProject
Project("{FAE04EC0-301F-11D3-BF4B-00C04F79EFBC}") = "STIKS.Server.Game", "Servers\STIKS.Server.Game\STIKS.Server.Game.csproj", "{DFC40923-EDC3-4F89-AF18-745BA89DEB9E}"
EndProject
Project("{9A19103F-16F7-4668-BE54-9A1E7A4F7556}") = "STIKS.Test.Common", "Test\STIKS.Test.Common\STIKS.Test.Common.csproj", "{1BA20174-3F82-435A-B6EB-554F280D32DC}"
EndProject
Project("{9A19103F-16F7-4668-BE54-9A1E7A4F7556}") = "STIKS.Test.Protocol", "Test\STIKS.Test.Protocol\STIKS.Test.Protocol.csproj", "{2BA12BE3-BD91-4253-A24F-4F43DFD4FA78}"
EndProject
Global
	GlobalSection(SolutionConfigurationPlatforms) = preSolution
		Debug|Any CPU = Debug|Any CPU
		Release|Any CPU = Release|Any CPU
	EndGlobalSection
	GlobalSection(ProjectConfigurationPlatforms) = postSolution
		{0425F087-0098-43A4-A80D-1682681AD8A4}.Debug|Any CPU.ActiveCfg = Debug|Any CPU
		{0425F087-0098-43A4-A80D-1682681AD8A4}.Debug|Any CPU.Build.0 = Debug|Any CPU
		{0425F087-0098-43A4-A80D-1682681AD8A4}.Release|Any CPU.ActiveCfg = Release|Any CPU
		{0425F087-0098-43A4-A80D-1682681AD8A4}.Release|Any CPU.Build.0 = Release|Any CPU
		{6FDBB870-9B29-4E84-A1B3-7CBD7E9A09E2}.Debug|Any CPU.ActiveCfg = Debug|Any CPU
		{6FDBB870-9B29-4E84-A1B3-7CBD7E9A09E2}.Debug|Any CPU.Build.0 = Debug|Any CPU
		{6FDBB870-9B29-4E84-A1B3-7CBD7E9A09E2}.Release|Any CPU.ActiveCfg = Release|Any CPU
		{6FDBB870-9B29-4E84-A1B3-7CBD7E9A09E2}.Release|Any CPU.Build.0 = Release|Any CPU
		{41AF2061-27AE-4146-85E4-B44FFC31AED7}.Debug|Any CPU.ActiveCfg = Debug|Any CPU
		{41AF2061-27AE-4146-85E4-B44FFC31AED7}.Debug|Any CPU.Build.0 = Debug|Any CPU
		{41AF2061-27AE-4146-85E4-B44FFC31AED7}.Release|Any CPU.ActiveCfg = Release|Any CPU
		{41AF2061-27AE-4146-85E4-B44FFC31AED7}.Release|Any CPU.Build.0 = Release|Any CPU
		{097485C6-5341-4B9A-B553-A827B093D12A}.Debug|Any CPU.ActiveCfg = Debug|Any CPU
		{097485C6-5341-4B9A-B553-A827B093D12A}.Debug|Any CPU.Build.0 = Debug|Any CPU
		{097485C6-5341-4B9A-B553-A827B093D12A}.Release|Any CPU.ActiveCfg = Release|Any CPU
		{097485C6-5341-4B9A-B553-A827B093D12A}.Release|Any CPU.Build.0 = Release|Any CPU
		{60D88109-06ED-4E0B-A886-7DB19B52FC93}.Debug|Any CPU.ActiveCfg = Debug|Any CPU
		{60D88109-06ED-4E0B-A886-7DB19B52FC93}.Debug|Any CPU.Build.0 = Debug|Any CPU
		{60D88109-06ED-4E0B-A886-7DB19B52FC93}.Release|Any CPU.ActiveCfg = Release|Any CPU
		{60D88109-06ED-4E0B-A886-7DB19B52FC93}.Release|Any CPU.Build.0 = Release|Any CPU
		{7B3A32AD-D7B2-4E6C-92BA-98B8E6240CA8}.Debug|Any CPU.ActiveCfg = Debug|Any CPU
		{7B3A32AD-D7B2-4E6C-92BA-98B8E6240CA8}.Debug|Any CPU.Build.0 = Debug|Any CPU
		{7B3A32AD-D7B2-4E6C-92BA-98B8E6240CA8}.Release|Any CPU.ActiveCfg = Release|Any CPU
		{7B3A32AD-D7B2-4E6C-92BA-98B8E6240CA8}.Release|Any CPU.Build.0 = Release|Any CPU
		{DFC40923-EDC3-4F89-AF18-745BA89DEB9E}.Debug|Any CPU.ActiveCfg = Debug|Any CPU
		{DFC40923-EDC3-4F89-AF18-745BA89DEB9E}.Debug|Any CPU.Build.0 = Debug|Any CPU
		{DFC40923-EDC3-4F89-AF18-745BA89DEB9E}.Release|Any CPU.ActiveCfg = Release|Any CPU
		{DFC40923-EDC3-4F89-AF18-745BA89DEB9E}.Release|Any CPU.Build.0 = Release|Any CPU
		{1BA20174-3F82-435A-B6EB-554F280D32DC}.Debug|Any CPU.ActiveCfg = Debug|Any CPU
		{1BA20174-3F82-435A-B6EB-554F280D32DC}.Debug|Any CPU.Build.0 = Debug|Any CPU
		{1BA20174-3F82-435A-B6EB-554F280D32DC}.Release|Any CPU.ActiveCfg = Release|Any CPU
		{1BA20174-3F82-435A-B6EB-554F280D32DC}.Release|Any CPU.Build.0 = Release|Any CPU
		{2BA12BE3-BD91-4253-A24F-4F43DFD4FA78}.Debug|Any CPU.ActiveCfg = Debug|Any CPU
		{2BA12BE3-BD91-4253-A24F-4F43DFD4FA78}.Debug|Any CPU.Build.0 = Debug|Any CPU
		{2BA12BE3-BD91-4253-A24F-4F43DFD4FA78}.Release|Any CPU.ActiveCfg = Release|Any CPU
		{2BA12BE3-BD91-4253-A24F-4F43DFD4FA78}.Release|Any CPU.Build.0 = Release|Any CPU
	EndGlobalSection
	GlobalSection(SolutionProperties) = preSolution
		HideSolutionNode = FALSE
	EndGlobalSection
	GlobalSection(NestedProjects) = preSolution
		{0425F087-0098-43A4-A80D-1682681AD8A4} = {57A9BDE7-9FD9-4B74-A328-C5342106BBEA}
		{6FDBB870-9B29-4E84-A1B3-7CBD7E9A09E2} = {57A9BDE7-9FD9-4B74-A328-C5342106BBEA}
		{41AF2061-27AE-4146-85E4-B44FFC31AED7} = {57A9BDE7-9FD9-4B74-A328-C5342106BBEA}
		{097485C6-5341-4B9A-B553-A827B093D12A} = {57A9BDE7-9FD9-4B74-A328-C5342106BBEA}
		{60D88109-06ED-4E0B-A886-7DB19B52FC93} = {57A9BDE7-9FD9-4B74-A328-C5342106BBEA}
		{7B3A32AD-D7B2-4E6C-92BA-98B8E6240CA8} = {EFCE2720-D002-4513-A03C-3A236B5F2602}
		{DFC40923-EDC3-4F89-AF18-745BA89DEB9E} = {EFCE2720-D002-4513-A03C-3A236B5F2602}
		{1BA20174-3F82-435A-B6EB-554F280D32DC} = {5AEDE471-EE65-4D14-8520-DB3884D6F44E}
		{2BA12BE3-BD91-4253-A24F-4F43DFD4FA78} = {5AEDE471-EE65-4D14-8520-DB3884D6F44E}
	EndGlobalSection
	GlobalSection(ExtensibilityGlobals) = postSolution
		SolutionGuid = {649316C6-12FD-4B8A-9197-D55F89F3EC9E}
	EndGlobalSection
EndGlobal
